github.com/tommie/v8go/deps/android_amd64 v0.0.0-20241219041445-22cac2951eb8 h1:oinXbN7vTQ5N4RKaCojNAb2EeF82usAOFXQYl8GIBeU=
github.com/tommie/v8go/deps/android_amd64 v0.0.0-20241219041445-22cac2951eb8/go.mod h1:+SU4RWSqMXAx2oR/Gzkyc1YAG6F8SCzttMv3sZkh+qY=
github.com/tommie/v8go/deps/android_arm64 v0.0.0-20241219041445-22cac2951eb8 h1:NQbTw/+nW/2CrRsPQ1PS5mec2HoCh129MY4ssTzBgPQ=
github.com/tommie/v8go/deps/android_arm64 v0.0.0-20241219041445-22cac2951eb8/go.mod h1:cR4ynUc528GmLCLOb3c1iM2d6qZ5DCVHh+eAD7sJDBQ=
github.com/tommie/v8go/deps/darwin_amd64 v0.0.0-20241219041445-22cac2951eb8 h1:l4mPOqVaa4JSgH/i33dC+idAtm51H4Zv63yIqRlaXDE=
github.com/tommie/v8go/deps/darwin_amd64 v0.0.0-20241219041445-22cac2951eb8/go.mod h1:0qn9w9F7mniTrixPYggJNQQtpAkb9OKY3STy3SSEBi4=
github.com/tommie/v8go/deps/darwin_arm64 v0.0.0-20241219041445-22cac2951eb8 h1:JM/nTRvG3F+tobdipSRFMBcbbb5AICYX+K1/J/YgsUo=
github.com/tommie/v8go/deps/darwin_arm64 v0.0.0-20241219041445-22cac2951eb8/go.mod h1:bd8hssu+JaGC4mIE9SukKia0TYs5v977mNodhgpJrdo=
github.com/tommie/v8go/deps/linux_amd64 v0.0.0-20241219041445-22cac2951eb8 h1:fl1qJAbVbC2aVwTlN47GhA7Y+N9vyaUQ2MefvQl/eTo=
github.com/tommie/v8go/deps/linux_amd64 v0.0.0-20241219041445-22cac2951eb8/go.mod h1:ZKG7g6Rah4/ZRzb07qFrQI/EPSm2PMj1cN/9y4fxgO8=
github.com/tommie/v8go/deps/linux_arm64 v0.0.0-20241219041445-22cac2951eb8 h1:7EMbiS3zKQJTrd5gecJD4oqaNej9dtW36mnNZdOjDag=
github.com/tommie/v8go/deps/linux_arm64 v0.0.0-20241219041445-22cac2951eb8/go.mod h1:B/myVnZ82IRgW//OzDnHArcOzW8Yq7FbWnMnYPbZ0Hc=
